<?xml version="1.0" encoding="utf-8"?>
<Project ToolsVersion="4.0" xmlns="http://schemas.microsoft.com/developer/msbuild/2003">
  <ItemGroup>
    <Filter Include="소스 파일">
      <UniqueIdentifier>{4FC737F1-C7A5-4376-A066-2A32D752A2FF}</UniqueIdentifier>
      <Extensions>cpp;c;cc;cxx;c++;def;odl;idl;hpj;bat;asm;asmx</Extensions>
    </Filter>
    <Filter Include="헤더 파일">
      <UniqueIdentifier>{93995380-89BD-4b04-88EB-625FBE52EBFB}</UniqueIdentifier>
      <Extensions>h;hh;hpp;hxx;h++;hm;inl;inc;ipp;xsd</Extensions>
    </Filter>
    <Filter Include="리소스 파일">
      <UniqueIdentifier>{67DA6AB6-F800-4c08-8B7A-83BB121AAD01}</UniqueIdentifier>
      <Extensions>rc;ico;cur;bmp;dlg;rc2;rct;bin;rgs;gif;jpg;jpeg;jpe;resx;tiff;tif;png;wav;mfcribbon-ms</Extensions>
    </Filter>
    <Filter Include="소스 파일\실습">
      <UniqueIdentifier>{eb9707b5-24c6-4914-83a3-7f8e233ac9a0}</UniqueIdentifier>
    </Filter>
    <Filter Include="소스 파일\과제">
      <UniqueIdentifier>{c9333be4-1b3e-44c2-924b-2e2649dae623}</UniqueIdentifier>
    </Filter>
    <Filter Include="소스 파일\연습">
      <UniqueIdentifier>{f5d1cede-a48e-4150-af7e-a079f44698ce}</UniqueIdentifier>
    </Filter>
  </ItemGroup>
  <ItemGroup>
    <ClCompile Include="prac06.cpp">
      <Filter>소스 파일\실습</Filter>
    </ClCompile>
    <ClCompile Include="prac01.cpp">
      <Filter>소스 파일\실습</Filter>
    </ClCompile>
    <ClCompile Include="prac02.cpp">
      <Filter>소스 파일\실습</Filter>
    </ClCompile>
    <ClCompile Include="prac03.cpp">
      <Filter>소스 파일\실습</Filter>
    </ClCompile>
    <ClCompile Include="prac04.cpp">
      <Filter>소스 파일\실습</Filter>
    </ClCompile>
    <ClCompile Include="prac05.cpp">
      <Filter>소스 파일\실습</Filter>
    </ClCompile>
    <ClCompile Include="homework.cpp">
      <Filter>소스 파일\과제</Filter>
    </ClCompile>
    <ClCompile Include="List.cpp">
      <Filter>소스 파일\실습</Filter>
    </ClCompile>
    <ClCompile Include="Time.cpp">
      <Filter>소스 파일\실습</Filter>
    </ClCompile>
    <ClCompile Include="binary_search.cpp">
      <Filter>소스 파일\연습</Filter>
    </ClCompile>
    <ClCompile Include="bubble_sort.cpp">
      <Filter>소스 파일\연습</Filter>
    </ClCompile>
    <ClCompile Include="recursive_binary_search.cpp">
      <Filter>소스 파일\연습</Filter>
    </ClCompile>
    <ClCompile Include="selection_sort.cpp">
      <Filter>소스 파일\연습</Filter>
    </ClCompile>
    <ClCompile Include="Pharmacy.cpp">
      <Filter>소스 파일\과제</Filter>
    </ClCompile>
    <ClCompile Include="Value.cpp">
      <Filter>소스 파일\실습</Filter>
    </ClCompile>
    <ClCompile Include="linked_list.cpp">
      <Filter>소스 파일\연습</Filter>
    </ClCompile>
    <ClCompile Include="prac07.cpp">
      <Filter>소스 파일\실습</Filter>
    </ClCompile>
    <ClCompile Include="prac08.cpp">
      <Filter>소스 파일\실습</Filter>
    </ClCompile>
    <ClCompile Include="List3.cpp">
      <Filter>소스 파일\실습</Filter>
    </ClCompile>
    <ClCompile Include="List2.cpp">
      <Filter>소스 파일\실습</Filter>
    </ClCompile>
    <ClCompile Include="prac09.cpp">
      <Filter>소스 파일\실습</Filter>
    </ClCompile>
    <ClCompile Include="List4.cpp">
      <Filter>소스 파일\실습</Filter>
    </ClCompile>
    <ClCompile Include="doubly_linked_list.cpp">
      <Filter>소스 파일\연습</Filter>
    </ClCompile>
    <ClCompile Include="List5.cpp">
      <Filter>소스 파일\실습</Filter>
    </ClCompile>
    <ClCompile Include="prac10.cpp">
      <Filter>소스 파일\실습</Filter>
    </ClCompile>
    <ClCompile Include="dynamic _linear_list.cpp">
      <Filter>소스 파일\연습</Filter>
    </ClCompile>
    <ClCompile Include="inordered_list.cpp">
      <Filter>소스 파일\연습</Filter>
    </ClCompile>
    <ClCompile Include="linkedlist2.cpp">
      <Filter>소스 파일\연습</Filter>
    </ClCompile>
    <ClCompile Include="listarray.cpp">
      <Filter>소스 파일\연습</Filter>
    </ClCompile>
    <ClCompile Include="quick_sort.cpp">
      <Filter>소스 파일\연습</Filter>
    </ClCompile>
    <ClCompile Include="stack_array.cpp">
      <Filter>소스 파일\연습</Filter>
    </ClCompile>
    <ClCompile Include="stack_linkedlist.cpp">
      <Filter>소스 파일\연습</Filter>
    </ClCompile>
    <ClCompile Include="prac11.cpp">
      <Filter>소스 파일\실습</Filter>
    </ClCompile>
    <ClCompile Include="StackArray.cpp">
      <Filter>소스 파일\실습</Filter>
    </ClCompile>
  </ItemGroup>
  <ItemGroup>
    <ClInclude Include="Time.h">
      <Filter>헤더 파일</Filter>
    </ClInclude>
    <ClInclude Include="Pharmacy.h">
      <Filter>헤더 파일</Filter>
    </ClInclude>
    <ClInclude Include="Value.h">
      <Filter>헤더 파일</Filter>
    </ClInclude>
    <ClInclude Include="List.h">
      <Filter>헤더 파일</Filter>
    </ClInclude>
    <ClInclude Include="List2.h">
      <Filter>헤더 파일</Filter>
    </ClInclude>
    <ClInclude Include="List3.h">
      <Filter>헤더 파일</Filter>
    </ClInclude>
    <ClInclude Include="List4.h">
      <Filter>헤더 파일</Filter>
    </ClInclude>
    <ClInclude Include="List5.h">
      <Filter>헤더 파일</Filter>
    </ClInclude>
    <ClInclude Include="StackArray.h">
      <Filter>헤더 파일</Filter>
    </ClInclude>
  </ItemGroup>
</Project>